{
  "name": "skill-evals",
  "lockfileVersion": 3,
  "requires": true,
  "packages": {
    "": {
      "name": "skill-evals",
      "devDependencies": {
        "@uinaf/skillcheck": "^0.5.0"
      }
    },
    "node_modules/@uinaf/skillcheck": {
      "version": "0.5.2",
      "resolved": "https://registry.npmjs.org/@uinaf/skillcheck/-/skillcheck-0.5.2.tgz",
      "integrity": "sha512-epYnyFATM1vQFyUIhWhQ52CVPTD4dpycd/Zh31PxPpC+NnZyL+sVF6dSrNRou1AVCBStefR/sxNhUk7lW6IQgg==",
      "dev": true,
      "license": "MIT",
      "bin": {
        "skillcheck": "dist/cli.js"
      },
      "engines": {
        "node": ">=24"
      },
      "peerDependencies": {
        "@anthropic-ai/claude-agent-sdk": "^0.3.233",
        "@openai/codex-sdk": "^0.147.0",
        "promptfoo": "^0.122.0"
      },
      "peerDependenciesMeta": {
        "@anthropic-ai/claude-agent-sdk": {
          "optional": true
        },
        "@openai/codex-sdk": {
          "optional": true
        },
        "promptfoo": {
          "optional": true
        }
      }
    }
  }
}
