{
  "name": "skill-evals",
  "lockfileVersion": 3,
  "requires": true,
  "packages": {
    "": {
      "name": "skill-evals",
      "devDependencies": {
        "@uinaf/skillcheck": "1.5.2"
      }
    },
    "node_modules/@uinaf/skillcheck": {
      "version": "1.5.2",
      "resolved": "https://registry.npmjs.org/@uinaf/skillcheck/-/skillcheck-1.5.2.tgz",
      "integrity": "sha512-dQyYp2sNOKiSaf8DLsCrpxDHQUPey6N24Jj9sk99S9rtqqURV2BRGjxP+UbdnqNK6ejurj5U32/lBVotjgz3Qg==",
      "dev": true,
      "license": "MIT",
      "bin": {
        "skillcheck": "dist/cli.js"
      },
      "engines": {
        "node": ">=24"
      },
      "peerDependencies": {
        "@anthropic-ai/claude-agent-sdk": "^0.3.281",
        "@openai/codex-sdk": "^0.156.1",
        "promptfoo": "^0.123.1"
      },
      "peerDependenciesMeta": {
        "@anthropic-ai/claude-agent-sdk": {
          "optional": true
        },
        "@openai/codex-sdk": {
          "optional": true
        },
        "promptfoo": {
          "optional": true
        }
      }
    }
  }
}
