{
  "name": "skill-evals",
  "lockfileVersion": 3,
  "requires": true,
  "packages": {
    "": {
      "name": "skill-evals",
      "devDependencies": {
        "@uinaf/skillcheck": "^1.0.0"
      }
    },
    "node_modules/@uinaf/skillcheck": {
      "version": "1.0.0",
      "resolved": "https://registry.npmjs.org/@uinaf/skillcheck/-/skillcheck-1.0.0.tgz",
      "integrity": "sha512-TU+d4XCQNgHuV+z/qLmb1T03oSL504H6le7ru2+FzzNubbf/dtPmZKG+iLUamQk51gWZP/AbwwuIeqoYQ9sj3A==",
      "dev": true,
      "license": "MIT",
      "bin": {
        "skillcheck": "dist/cli.js"
      },
      "engines": {
        "node": ">=24"
      },
      "peerDependencies": {
        "@anthropic-ai/claude-agent-sdk": "^0.3.233",
        "@openai/codex-sdk": "^0.147.0",
        "promptfoo": "^0.122.0"
      },
      "peerDependenciesMeta": {
        "@anthropic-ai/claude-agent-sdk": {
          "optional": true
        },
        "@openai/codex-sdk": {
          "optional": true
        },
        "promptfoo": {
          "optional": true
        }
      }
    }
  }
}
